
Microsoft Visual Studio Solution File, Format Version 12.00
# Visual Studio 15
VisualStudioVersion = 15.0.28307.572
MinimumVisualStudioVersion = 10.0.40219.1
Project("{9A19103F-16F7-4668-BE54-9A1E7A4F7556}") = "Depth.Api", "Depth.Api\Depth.Api.csproj", "{A6F6033F-02E3-487F-B801-8513FA2CF9BB}"
EndProject
Project("{FAE04EC0-301F-11D3-BF4B-00C04F79EFBC}") = "Depth.Client.MovieDb", "Depth.Client.MovieDb\Depth.Client.MovieDb.csproj", "{A632A05B-CE37-4874-BEA5-A359D1D99B73}"
EndProject
Global
	GlobalSection(SolutionConfigurationPlatforms) = preSolution
		Debug|Any CPU = Debug|Any CPU
		Release|Any CPU = Release|Any CPU
	EndGlobalSection
	GlobalSection(ProjectConfigurationPlatforms) = postSolution
		{A6F6033F-02E3-487F-B801-8513FA2CF9BB}.Debug|Any CPU.ActiveCfg = Debug|Any CPU
		{A6F6033F-02E3-487F-B801-8513FA2CF9BB}.Debug|Any CPU.Build.0 = Debug|Any CPU
		{A6F6033F-02E3-487F-B801-8513FA2CF9BB}.Release|Any CPU.ActiveCfg = Release|Any CPU
		{A6F6033F-02E3-487F-B801-8513FA2CF9BB}.Release|Any CPU.Build.0 = Release|Any CPU
		{A632A05B-CE37-4874-BEA5-A359D1D99B73}.Debug|Any CPU.ActiveCfg = Debug|Any CPU
		{A632A05B-CE37-4874-BEA5-A359D1D99B73}.Debug|Any CPU.Build.0 = Debug|Any CPU
		{A632A05B-CE37-4874-BEA5-A359D1D99B73}.Release|Any CPU.ActiveCfg = Release|Any CPU
		{A632A05B-CE37-4874-BEA5-A359D1D99B73}.Release|Any CPU.Build.0 = Release|Any CPU
	EndGlobalSection
	GlobalSection(SolutionProperties) = preSolution
		HideSolutionNode = FALSE
	EndGlobalSection
	GlobalSection(ExtensibilityGlobals) = postSolution
		SolutionGuid = {616C3CE7-1106-4313-8FCB-F776BDFA8E64}
	EndGlobalSection
EndGlobal
